
Microsoft Visual Studio Solution File, Format Version 12.00
# Visual Studio Version 16
VisualStudioVersion = 16.0.29123.88
MinimumVisualStudioVersion = 10.0.40219.1
Project("{FAE04EC0-301F-11D3-BF4B-00C04F79EFBC}") = "Foreign-Alphabet", "Foreign-Alphabet\Foreign-Alphabet.csproj", "{399EAB0E-707A-4A21-9A83-9035052E8CFE}"
EndProject
Project("{2150E333-8FDC-42A3-9474-1A3956D46DE8}") = "Alphabets", "Alphabets", "{B8980B11-E1B6-4CCF-9751-87623200851B}"
	ProjectSection(SolutionItems) = preProject
		Japanese Hiragana.xml = Japanese Hiragana.xml
		Japanese Katakana.xml = Japanese Katakana.xml
		Russian Cyrillic.xml = Russian Cyrillic.xml
	EndProjectSection
EndProject
Global
	GlobalSection(SolutionConfigurationPlatforms) = preSolution
		Debug|Any CPU = Debug|Any CPU
		Release|Any CPU = Release|Any CPU
	EndGlobalSection
	GlobalSection(ProjectConfigurationPlatforms) = postSolution
		{399EAB0E-707A-4A21-9A83-9035052E8CFE}.Debug|Any CPU.ActiveCfg = Debug|Any CPU
		{399EAB0E-707A-4A21-9A83-9035052E8CFE}.Debug|Any CPU.Build.0 = Debug|Any CPU
		{399EAB0E-707A-4A21-9A83-9035052E8CFE}.Release|Any CPU.ActiveCfg = Release|Any CPU
		{399EAB0E-707A-4A21-9A83-9035052E8CFE}.Release|Any CPU.Build.0 = Release|Any CPU
	EndGlobalSection
	GlobalSection(SolutionProperties) = preSolution
		HideSolutionNode = FALSE
	EndGlobalSection
	GlobalSection(ExtensibilityGlobals) = postSolution
		SolutionGuid = {0DB83051-B175-43C0-A62B-45101BA06C5A}
	EndGlobalSection
EndGlobal
